{
  "originHash" : "f5518c09432b5f83eb33e38739932014a0dd7428b9c00e18919784a54c71c6c2",
  "pins" : [
    {
      "identity" : "grpc-swift",
      "kind" : "remoteSourceControl",
      "location" : "https://github.com/grpc/grpc-swift.git",
      "state" : {
        "revision" : "adc18c3e1c55027d0ce43893897ac448e3f27ebe",
        "version" : "2.2.3"
      }
    },
    {
      "identity" : "haishinkit.swift",
      "kind" : "remoteSourceControl",
      "location" : "https://github.com/shogo4405/HaishinKit.swift.git",
      "state" : {
        "revision" : "e83507c77af50ffe4e907f842473dc0e27e344b1",
        "version" : "2.0.1"
      }
    },
    {
      "identity" : "logboard",
      "kind" : "remoteSourceControl",
      "location" : "https://github.com/shogo4405/Logboard.git",
      "state" : {
        "revision" : "272976e1f3e8873e60ffe4b08fe50df48a93751b",
        "version" : "2.5.0"
      }
    },
    {
      "identity" : "swift-collections",
      "kind" : "remoteSourceControl",
      "location" : "https://github.com/apple/swift-collections.git",
      "state" : {
        "revision" : "8d9834a6189db730f6264db7556a7ffb751e99ee",
        "version" : "1.4.0"
      }
    }
  ],
  "version" : 3
}
